
Microsoft Visual Studio Solution File, Format Version 12.00
# Visual Studio Version 17
VisualStudioVersion = 17.13.35825.156
MinimumVisualStudioVersion = 10.0.40219.1
Project("{FAE04EC0-301F-11D3-BF4B-00C04F79EFBC}") = "AVMGasStation", "AVMGasStation\AVMGasStation.csproj", "{91E999F8-E246-4AD7-B529-9B9F93255A63}"
EndProject
Project("{FAE04EC0-301F-11D3-BF4B-00C04F79EFBC}") = "TestGasStation", "TestGasStation\TestGasStation.csproj", "{6BEE52DD-BB3D-4F66-872E-28827D7B79B6}"
EndProject
Global
	GlobalSection(SolutionConfigurationPlatforms) = preSolution
		Debug|Any CPU = Debug|Any CPU
		Release|Any CPU = Release|Any CPU
	EndGlobalSection
	GlobalSection(ProjectConfigurationPlatforms) = postSolution
		{91E999F8-E246-4AD7-B529-9B9F93255A63}.Debug|Any CPU.ActiveCfg = Debug|Any CPU
		{91E999F8-E246-4AD7-B529-9B9F93255A63}.Debug|Any CPU.Build.0 = Debug|Any CPU
		{91E999F8-E246-4AD7-B529-9B9F93255A63}.Release|Any CPU.ActiveCfg = Release|Any CPU
		{91E999F8-E246-4AD7-B529-9B9F93255A63}.Release|Any CPU.Build.0 = Release|Any CPU
		{6BEE52DD-BB3D-4F66-872E-28827D7B79B6}.Debug|Any CPU.ActiveCfg = Debug|Any CPU
		{6BEE52DD-BB3D-4F66-872E-28827D7B79B6}.Debug|Any CPU.Build.0 = Debug|Any CPU
		{6BEE52DD-BB3D-4F66-872E-28827D7B79B6}.Release|Any CPU.ActiveCfg = Release|Any CPU
		{6BEE52DD-BB3D-4F66-872E-28827D7B79B6}.Release|Any CPU.Build.0 = Release|Any CPU
	EndGlobalSection
	GlobalSection(SolutionProperties) = preSolution
		HideSolutionNode = FALSE
	EndGlobalSection
	GlobalSection(ExtensibilityGlobals) = postSolution
		SolutionGuid = {6BD000E0-8F0C-44DD-8FF3-67CBDAC23F1A}
	EndGlobalSection
EndGlobal
